
Microsoft Visual Studio Solution File, Format Version 12.00
# Visual Studio Version 17
VisualStudioVersion = 17.9.34902.65
MinimumVisualStudioVersion = 10.0.40219.1
Project("{FAE04EC0-301F-11D3-BF4B-00C04F79EFBC}") = "ex_1094", "ex_1094.csproj", "{2BECB4DC-6EF3-47D9-A68C-A5A76A2AA69D}"
EndProject
Global
	GlobalSection(SolutionConfigurationPlatforms) = preSolution
		Debug|Any CPU = Debug|Any CPU
		Release|Any CPU = Release|Any CPU
	EndGlobalSection
	GlobalSection(ProjectConfigurationPlatforms) = postSolution
		{2BECB4DC-6EF3-47D9-A68C-A5A76A2AA69D}.Debug|Any CPU.ActiveCfg = Debug|Any CPU
		{2BECB4DC-6EF3-47D9-A68C-A5A76A2AA69D}.Debug|Any CPU.Build.0 = Debug|Any CPU
		{2BECB4DC-6EF3-47D9-A68C-A5A76A2AA69D}.Release|Any CPU.ActiveCfg = Release|Any CPU
		{2BECB4DC-6EF3-47D9-A68C-A5A76A2AA69D}.Release|Any CPU.Build.0 = Release|Any CPU
	EndGlobalSection
	GlobalSection(SolutionProperties) = preSolution
		HideSolutionNode = FALSE
	EndGlobalSection
	GlobalSection(ExtensibilityGlobals) = postSolution
		SolutionGuid = {11A8990E-F61C-4A49-9150-ACB754FBD559}
	EndGlobalSection
EndGlobal
