
Microsoft Visual Studio Solution File, Format Version 12.00
# Visual Studio Version 17
VisualStudioVersion = 17.9.34902.65
MinimumVisualStudioVersion = 10.0.40219.1
Project("{FAE04EC0-301F-11D3-BF4B-00C04F79EFBC}") = "ex_1134", "ex_1134.csproj", "{E18DD3BB-EFCA-46D3-B978-C0FB8687B6C9}"
EndProject
Global
	GlobalSection(SolutionConfigurationPlatforms) = preSolution
		Debug|Any CPU = Debug|Any CPU
		Release|Any CPU = Release|Any CPU
	EndGlobalSection
	GlobalSection(ProjectConfigurationPlatforms) = postSolution
		{E18DD3BB-EFCA-46D3-B978-C0FB8687B6C9}.Debug|Any CPU.ActiveCfg = Debug|Any CPU
		{E18DD3BB-EFCA-46D3-B978-C0FB8687B6C9}.Debug|Any CPU.Build.0 = Debug|Any CPU
		{E18DD3BB-EFCA-46D3-B978-C0FB8687B6C9}.Release|Any CPU.ActiveCfg = Release|Any CPU
		{E18DD3BB-EFCA-46D3-B978-C0FB8687B6C9}.Release|Any CPU.Build.0 = Release|Any CPU
	EndGlobalSection
	GlobalSection(SolutionProperties) = preSolution
		HideSolutionNode = FALSE
	EndGlobalSection
	GlobalSection(ExtensibilityGlobals) = postSolution
		SolutionGuid = {2BEED61A-4C6A-4B4B-A58C-F78662119E97}
	EndGlobalSection
EndGlobal
