
Microsoft Visual Studio Solution File, Format Version 12.00
# Visual Studio Version 17
VisualStudioVersion = 17.9.34714.143
MinimumVisualStudioVersion = 10.0.40219.1
Project("{FAE04EC0-301F-11D3-BF4B-00C04F79EFBC}") = "ex_1007", "ex_1007.csproj", "{ACD021B9-CC4E-4AC8-9929-8241724B5952}"
EndProject
Global
	GlobalSection(SolutionConfigurationPlatforms) = preSolution
		Debug|Any CPU = Debug|Any CPU
		Release|Any CPU = Release|Any CPU
	EndGlobalSection
	GlobalSection(ProjectConfigurationPlatforms) = postSolution
		{ACD021B9-CC4E-4AC8-9929-8241724B5952}.Debug|Any CPU.ActiveCfg = Debug|Any CPU
		{ACD021B9-CC4E-4AC8-9929-8241724B5952}.Debug|Any CPU.Build.0 = Debug|Any CPU
		{ACD021B9-CC4E-4AC8-9929-8241724B5952}.Release|Any CPU.ActiveCfg = Release|Any CPU
		{ACD021B9-CC4E-4AC8-9929-8241724B5952}.Release|Any CPU.Build.0 = Release|Any CPU
	EndGlobalSection
	GlobalSection(SolutionProperties) = preSolution
		HideSolutionNode = FALSE
	EndGlobalSection
	GlobalSection(ExtensibilityGlobals) = postSolution
		SolutionGuid = {9C489672-7D17-4D94-9CCC-D1035AFE5669}
	EndGlobalSection
EndGlobal
