
Microsoft Visual Studio Solution File, Format Version 12.00
# Visual Studio Version 17
VisualStudioVersion = 17.9.34902.65
MinimumVisualStudioVersion = 10.0.40219.1
Project("{FAE04EC0-301F-11D3-BF4B-00C04F79EFBC}") = "ex_1133", "ex_1133.csproj", "{832A86FD-BABB-4602-A8E8-93EF1254FBCF}"
EndProject
Global
	GlobalSection(SolutionConfigurationPlatforms) = preSolution
		Debug|Any CPU = Debug|Any CPU
		Release|Any CPU = Release|Any CPU
	EndGlobalSection
	GlobalSection(ProjectConfigurationPlatforms) = postSolution
		{832A86FD-BABB-4602-A8E8-93EF1254FBCF}.Debug|Any CPU.ActiveCfg = Debug|Any CPU
		{832A86FD-BABB-4602-A8E8-93EF1254FBCF}.Debug|Any CPU.Build.0 = Debug|Any CPU
		{832A86FD-BABB-4602-A8E8-93EF1254FBCF}.Release|Any CPU.ActiveCfg = Release|Any CPU
		{832A86FD-BABB-4602-A8E8-93EF1254FBCF}.Release|Any CPU.Build.0 = Release|Any CPU
	EndGlobalSection
	GlobalSection(SolutionProperties) = preSolution
		HideSolutionNode = FALSE
	EndGlobalSection
	GlobalSection(ExtensibilityGlobals) = postSolution
		SolutionGuid = {1B670D74-1518-47E2-A493-E158FA4817CB}
	EndGlobalSection
EndGlobal
