
Microsoft Visual Studio Solution File, Format Version 12.00
# Visual Studio Version 17
VisualStudioVersion = 17.9.34728.123
MinimumVisualStudioVersion = 10.0.40219.1
Project("{FAE04EC0-301F-11D3-BF4B-00C04F79EFBC}") = "ex_1021", "ex_1021.csproj", "{8DBB0D08-B968-4E0D-9A5A-91FBB26D6CAE}"
EndProject
Global
	GlobalSection(SolutionConfigurationPlatforms) = preSolution
		Debug|Any CPU = Debug|Any CPU
		Release|Any CPU = Release|Any CPU
	EndGlobalSection
	GlobalSection(ProjectConfigurationPlatforms) = postSolution
		{8DBB0D08-B968-4E0D-9A5A-91FBB26D6CAE}.Debug|Any CPU.ActiveCfg = Debug|Any CPU
		{8DBB0D08-B968-4E0D-9A5A-91FBB26D6CAE}.Debug|Any CPU.Build.0 = Debug|Any CPU
		{8DBB0D08-B968-4E0D-9A5A-91FBB26D6CAE}.Release|Any CPU.ActiveCfg = Release|Any CPU
		{8DBB0D08-B968-4E0D-9A5A-91FBB26D6CAE}.Release|Any CPU.Build.0 = Release|Any CPU
	EndGlobalSection
	GlobalSection(SolutionProperties) = preSolution
		HideSolutionNode = FALSE
	EndGlobalSection
	GlobalSection(ExtensibilityGlobals) = postSolution
		SolutionGuid = {FCFD530E-D1D9-49D3-8210-B0DA8D9C5805}
	EndGlobalSection
EndGlobal
