
Microsoft Visual Studio Solution File, Format Version 12.00
# Visual Studio Version 17
VisualStudioVersion = 17.9.34728.123
MinimumVisualStudioVersion = 10.0.40219.1
Project("{FAE04EC0-301F-11D3-BF4B-00C04F79EFBC}") = "ex_1060", "ex_1060.csproj", "{579B71F0-3F7A-49D4-AD64-099DFDF7399C}"
EndProject
Global
	GlobalSection(SolutionConfigurationPlatforms) = preSolution
		Debug|Any CPU = Debug|Any CPU
		Release|Any CPU = Release|Any CPU
	EndGlobalSection
	GlobalSection(ProjectConfigurationPlatforms) = postSolution
		{579B71F0-3F7A-49D4-AD64-099DFDF7399C}.Debug|Any CPU.ActiveCfg = Debug|Any CPU
		{579B71F0-3F7A-49D4-AD64-099DFDF7399C}.Debug|Any CPU.Build.0 = Debug|Any CPU
		{579B71F0-3F7A-49D4-AD64-099DFDF7399C}.Release|Any CPU.ActiveCfg = Release|Any CPU
		{579B71F0-3F7A-49D4-AD64-099DFDF7399C}.Release|Any CPU.Build.0 = Release|Any CPU
	EndGlobalSection
	GlobalSection(SolutionProperties) = preSolution
		HideSolutionNode = FALSE
	EndGlobalSection
	GlobalSection(ExtensibilityGlobals) = postSolution
		SolutionGuid = {09A155C9-8CAB-4361-9EF1-1FAC27A3256D}
	EndGlobalSection
EndGlobal
